
Microsoft Visual Studio Solution File, Format Version 12.00
# Visual Studio Version 16
VisualStudioVersion = 16.0.31402.337
MinimumVisualStudioVersion = 10.0.40219.1
Project("{2150E333-8FDC-42A3-9474-1A3956D46DE8}") = "src", "src", "{6E56968D-7F21-48B0-928E-BF196BF63CF6}"
EndProject
Project("{2150E333-8FDC-42A3-9474-1A3956D46DE8}") = "test", "test", "{B86DC0F1-8023-4E62-B44D-E4C5D054631E}"
EndProject
Project("{2150E333-8FDC-42A3-9474-1A3956D46DE8}") = "API", "API", "{71F3BEDE-1C25-4435-8990-9108C835DBA1}"
EndProject
Project("{2150E333-8FDC-42A3-9474-1A3956D46DE8}") = "Core", "Core", "{EE8EDDD7-3175-4B3D-8324-99D9FA72CD64}"
EndProject
Project("{2150E333-8FDC-42A3-9474-1A3956D46DE8}") = "UI", "UI", "{FA084D3E-3BDA-4D8A-A368-D60365A55002}"
EndProject
Project("{2150E333-8FDC-42A3-9474-1A3956D46DE8}") = "Infrastructure", "Infrastructure", "{086AB595-0BBE-472E-BCAD-2F67607FC4E2}"
EndProject
Project("{9A19103F-16F7-4668-BE54-9A1E7A4F7556}") = "ApplicationProject", "ApplicationProject\ApplicationProject.csproj", "{27CC7434-0EC6-4989-8CCF-07A20BA2B3E2}"
EndProject
Project("{FAE04EC0-301F-11D3-BF4B-00C04F79EFBC}") = "DomainProject", "DomainProject\DomainProject.csproj", "{FC15C837-8111-4381-9B6C-0DD59F611339}"
EndProject
Global
	GlobalSection(SolutionConfigurationPlatforms) = preSolution
		Debug|Any CPU = Debug|Any CPU
		Release|Any CPU = Release|Any CPU
	EndGlobalSection
	GlobalSection(ProjectConfigurationPlatforms) = postSolution
		{27CC7434-0EC6-4989-8CCF-07A20BA2B3E2}.Debug|Any CPU.ActiveCfg = Debug|Any CPU
		{27CC7434-0EC6-4989-8CCF-07A20BA2B3E2}.Debug|Any CPU.Build.0 = Debug|Any CPU
		{27CC7434-0EC6-4989-8CCF-07A20BA2B3E2}.Release|Any CPU.ActiveCfg = Release|Any CPU
		{27CC7434-0EC6-4989-8CCF-07A20BA2B3E2}.Release|Any CPU.Build.0 = Release|Any CPU
		{FC15C837-8111-4381-9B6C-0DD59F611339}.Debug|Any CPU.ActiveCfg = Debug|Any CPU
		{FC15C837-8111-4381-9B6C-0DD59F611339}.Debug|Any CPU.Build.0 = Debug|Any CPU
		{FC15C837-8111-4381-9B6C-0DD59F611339}.Release|Any CPU.ActiveCfg = Release|Any CPU
		{FC15C837-8111-4381-9B6C-0DD59F611339}.Release|Any CPU.Build.0 = Release|Any CPU
	EndGlobalSection
	GlobalSection(SolutionProperties) = preSolution
		HideSolutionNode = FALSE
	EndGlobalSection
	GlobalSection(NestedProjects) = preSolution
		{71F3BEDE-1C25-4435-8990-9108C835DBA1} = {6E56968D-7F21-48B0-928E-BF196BF63CF6}
		{EE8EDDD7-3175-4B3D-8324-99D9FA72CD64} = {6E56968D-7F21-48B0-928E-BF196BF63CF6}
		{FA084D3E-3BDA-4D8A-A368-D60365A55002} = {6E56968D-7F21-48B0-928E-BF196BF63CF6}
		{086AB595-0BBE-472E-BCAD-2F67607FC4E2} = {6E56968D-7F21-48B0-928E-BF196BF63CF6}
		{27CC7434-0EC6-4989-8CCF-07A20BA2B3E2} = {EE8EDDD7-3175-4B3D-8324-99D9FA72CD64}
		{FC15C837-8111-4381-9B6C-0DD59F611339} = {EE8EDDD7-3175-4B3D-8324-99D9FA72CD64}
	EndGlobalSection
	GlobalSection(ExtensibilityGlobals) = postSolution
		SolutionGuid = {0526DF8B-3577-441F-9137-F3D7A16E0CF4}
	EndGlobalSection
EndGlobal
